
Microsoft Visual Studio Solution File, Format Version 12.00
# Visual Studio 15
VisualStudioVersion = 15.0.28307.539
MinimumVisualStudioVersion = 10.0.40219.1
Project("{FAE04EC0-301F-11D3-BF4B-00C04F79EFBC}") = "Lab4", "Lab4.csproj", "{69CE84B9-F0F5-4FF9-B06F-7851B50A90D8}"
EndProject
Global
	GlobalSection(SolutionConfigurationPlatforms) = preSolution
		Debug|Any CPU = Debug|Any CPU
		Release|Any CPU = Release|Any CPU
	EndGlobalSection
	GlobalSection(ProjectConfigurationPlatforms) = postSolution
		{69CE84B9-F0F5-4FF9-B06F-7851B50A90D8}.Debug|Any CPU.ActiveCfg = Debug|Any CPU
		{69CE84B9-F0F5-4FF9-B06F-7851B50A90D8}.Debug|Any CPU.Build.0 = Debug|Any CPU
		{69CE84B9-F0F5-4FF9-B06F-7851B50A90D8}.Release|Any CPU.ActiveCfg = Release|Any CPU
		{69CE84B9-F0F5-4FF9-B06F-7851B50A90D8}.Release|Any CPU.Build.0 = Release|Any CPU
	EndGlobalSection
	GlobalSection(SolutionProperties) = preSolution
		HideSolutionNode = FALSE
	EndGlobalSection
	GlobalSection(ExtensibilityGlobals) = postSolution
		SolutionGuid = {7D710624-C2D3-46A2-924D-5AA0C07829EE}
	EndGlobalSection
EndGlobal
