
Microsoft Visual Studio Solution File, Format Version 12.00
# Visual Studio 15
VisualStudioVersion = 15.0.28307.539
MinimumVisualStudioVersion = 10.0.40219.1
Project("{FAE04EC0-301F-11D3-BF4B-00C04F79EFBC}") = "Busses", "Busses.csproj", "{C667AF6A-8DF5-4ED4-B959-7C65969359E4}"
EndProject
Global
	GlobalSection(SolutionConfigurationPlatforms) = preSolution
		Debug|Any CPU = Debug|Any CPU
		Release|Any CPU = Release|Any CPU
	EndGlobalSection
	GlobalSection(ProjectConfigurationPlatforms) = postSolution
		{C667AF6A-8DF5-4ED4-B959-7C65969359E4}.Debug|Any CPU.ActiveCfg = Debug|Any CPU
		{C667AF6A-8DF5-4ED4-B959-7C65969359E4}.Debug|Any CPU.Build.0 = Debug|Any CPU
		{C667AF6A-8DF5-4ED4-B959-7C65969359E4}.Release|Any CPU.ActiveCfg = Release|Any CPU
		{C667AF6A-8DF5-4ED4-B959-7C65969359E4}.Release|Any CPU.Build.0 = Release|Any CPU
	EndGlobalSection
	GlobalSection(SolutionProperties) = preSolution
		HideSolutionNode = FALSE
	EndGlobalSection
	GlobalSection(ExtensibilityGlobals) = postSolution
		SolutionGuid = {2A8AB96D-5D74-4D42-8BD4-CAC8347788DD}
	EndGlobalSection
EndGlobal
