
Microsoft Visual Studio Solution File, Format Version 12.00
# Visual Studio 15
VisualStudioVersion = 15.0.28307.539
MinimumVisualStudioVersion = 10.0.40219.1
Project("{FAE04EC0-301F-11D3-BF4B-00C04F79EFBC}") = "TestingApps", "TestingApps.csproj", "{6518BDFD-F291-44AD-80F4-45A69F693C85}"
EndProject
Global
	GlobalSection(SolutionConfigurationPlatforms) = preSolution
		Debug|Any CPU = Debug|Any CPU
		Release|Any CPU = Release|Any CPU
	EndGlobalSection
	GlobalSection(ProjectConfigurationPlatforms) = postSolution
		{6518BDFD-F291-44AD-80F4-45A69F693C85}.Debug|Any CPU.ActiveCfg = Debug|Any CPU
		{6518BDFD-F291-44AD-80F4-45A69F693C85}.Debug|Any CPU.Build.0 = Debug|Any CPU
		{6518BDFD-F291-44AD-80F4-45A69F693C85}.Release|Any CPU.ActiveCfg = Release|Any CPU
		{6518BDFD-F291-44AD-80F4-45A69F693C85}.Release|Any CPU.Build.0 = Release|Any CPU
	EndGlobalSection
	GlobalSection(SolutionProperties) = preSolution
		HideSolutionNode = FALSE
	EndGlobalSection
	GlobalSection(ExtensibilityGlobals) = postSolution
		SolutionGuid = {56C2E301-93B1-46F1-AAB4-A5E4769C6358}
	EndGlobalSection
EndGlobal
